// !$*UTF8*$!
{
	archiveVersion = 1;
	classes = {
	};
	objectVersion = 56;
	objects = {

/* Begin PBXBuildFile section */
		A23676532C7EBC34008A2D0B /* Color+Theme.swift in Sources */ = {isa = PBXBuildFile; fileRef = A23676522C7EBC34008A2D0B /* Color+Theme.swift */; };
		A23676572C7EC32A008A2D0B /* DetailedView.swift in Sources */ = {isa = PBXBuildFile; fileRef = A23676562C7EC32A008A2D0B /* DetailedView.swift */; };
		A241E7D52C7ED572009CE22F /* AstronautView.swift in Sources */ = {isa = PBXBuildFile; fileRef = A241E7D42C7ED571009CE22F /* AstronautView.swift */; };
		A241E7D72C7EDC2D009CE22F /* AstronautViewModel.swift in Sources */ = {isa = PBXBuildFile; fileRef = A241E7D62C7EDC2D009CE22F /* AstronautViewModel.swift */; };
		A241E7D92C7EDC64009CE22F /* MainViewModel.swift in Sources */ = {isa = PBXBuildFile; fileRef = A241E7D82C7EDC64009CE22F /* MainViewModel.swift */; };
		A241E7DB2C7EDCC6009CE22F /* DetailedViewModel.swift in Sources */ = {isa = PBXBuildFile; fileRef = A241E7DA2C7EDCC6009CE22F /* DetailedViewModel.swift */; };
		A2890D772C7C4D6C000B75A3 /* MoonshotSwiftUIApp.swift in Sources */ = {isa = PBXBuildFile; fileRef = A2890D762C7C4D6C000B75A3 /* MoonshotSwiftUIApp.swift */; };
		A2890D792C7C4D6C000B75A3 /* MainView.swift in Sources */ = {isa = PBXBuildFile; fileRef = A2890D782C7C4D6C000B75A3 /* MainView.swift */; };
		A2890D7B2C7C4D6D000B75A3 /* Assets.xcassets in Resources */ = {isa = PBXBuildFile; fileRef = A2890D7A2C7C4D6D000B75A3 /* Assets.xcassets */; };
		A2890D7F2C7C4D6E000B75A3 /* Preview Assets.xcassets in Resources */ = {isa = PBXBuildFile; fileRef = A2890D7E2C7C4D6E000B75A3 /* Preview Assets.xcassets */; };
		A2890D902C7D72FD000B75A3 /* JSONDecoderService.swift in Sources */ = {isa = PBXBuildFile; fileRef = A2890D8F2C7D72FD000B75A3 /* JSONDecoderService.swift */; };
		A2890D932C7D7C42000B75A3 /* astronauts.json in Resources */ = {isa = PBXBuildFile; fileRef = A2890D912C7D7C42000B75A3 /* astronauts.json */; };
		A2890D942C7D7C42000B75A3 /* missions.json in Resources */ = {isa = PBXBuildFile; fileRef = A2890D922C7D7C42000B75A3 /* missions.json */; };
		A2890D972C7D81AB000B75A3 /* Astronaut.swift in Sources */ = {isa = PBXBuildFile; fileRef = A2890D962C7D81AB000B75A3 /* Astronaut.swift */; };
		A2890D9C2C7D91E5000B75A3 /* Mission.swift in Sources */ = {isa = PBXBuildFile; fileRef = A2890D9B2C7D91E5000B75A3 /* Mission.swift */; };
/* End PBXBuildFile section */

/* Begin PBXFileReference section */
		A23676512C7EAE05008A2D0B /* Info.plist */ = {isa = PBXFileReference; lastKnownFileType = text.plist.xml; path = Info.plist; sourceTree = "<group>"; };
		A23676522C7EBC34008A2D0B /* Color+Theme.swift */ = {isa = PBXFileReference; lastKnownFileType = sourcecode.swift; path = "Color+Theme.swift"; sourceTree = "<group>"; };
		A23676562C7EC32A008A2D0B /* DetailedView.swift */ = {isa = PBXFileReference; lastKnownFileType = sourcecode.swift; path = DetailedView.swift; sourceTree = "<group>"; };
		A241E7D42C7ED571009CE22F /* AstronautView.swift */ = {isa = PBXFileReference; lastKnownFileType = sourcecode.swift; path = AstronautView.swift; sourceTree = "<group>"; };
		A241E7D62C7EDC2D009CE22F /* AstronautViewModel.swift */ = {isa = PBXFileReference; lastKnownFileType = sourcecode.swift; path = AstronautViewModel.swift; sourceTree = "<group>"; };
		A241E7D82C7EDC64009CE22F /* MainViewModel.swift */ = {isa = PBXFileReference; lastKnownFileType = sourcecode.swift; path = MainViewModel.swift; sourceTree = "<group>"; };
		A241E7DA2C7EDCC6009CE22F /* DetailedViewModel.swift */ = {isa = PBXFileReference; lastKnownFileType = sourcecode.swift; path = DetailedViewModel.swift; sourceTree = "<group>"; };
		A2890D732C7C4D6C000B75A3 /* MoonshotSwiftUI.app */ = {isa = PBXFileReference; explicitFileType = wrapper.application; includeInIndex = 0; path = MoonshotSwiftUI.app; sourceTree = BUILT_PRODUCTS_DIR; };
		A2890D762C7C4D6C000B75A3 /* MoonshotSwiftUIApp.swift */ = {isa = PBXFileReference; lastKnownFileType = sourcecode.swift; path = MoonshotSwiftUIApp.swift; sourceTree = "<group>"; };
		A2890D782C7C4D6C000B75A3 /* MainView.swift */ = {isa = PBXFileReference; lastKnownFileType = sourcecode.swift; path = MainView.swift; sourceTree = "<group>"; };
		A2890D7A2C7C4D6D000B75A3 /* Assets.xcassets */ = {isa = PBXFileReference; lastKnownFileType = folder.assetcatalog; path = Assets.xcassets; sourceTree = "<group>"; };
		A2890D7C2C7C4D6D000B75A3 /* MoonshotSwiftUI.entitlements */ = {isa = PBXFileReference; lastKnownFileType = text.plist.entitlements; path = MoonshotSwiftUI.entitlements; sourceTree = "<group>"; };
		A2890D7E2C7C4D6E000B75A3 /* Preview Assets.xcassets */ = {isa = PBXFileReference; lastKnownFileType = folder.assetcatalog; path = "Preview Assets.xcassets"; sourceTree = "<group>"; };
		A2890D8F2C7D72FD000B75A3 /* JSONDecoderService.swift */ = {isa = PBXFileReference; lastKnownFileType = sourcecode.swift; path = JSONDecoderService.swift; sourceTree = "<group>"; };
		A2890D912C7D7C42000B75A3 /* astronauts.json */ = {isa = PBXFileReference; fileEncoding = 4; lastKnownFileType = text.json; path = astronauts.json; sourceTree = "<group>"; };
		A2890D922C7D7C42000B75A3 /* missions.json */ = {isa = PBXFileReference; fileEncoding = 4; lastKnownFileType = text.json; path = missions.json; sourceTree = "<group>"; };
		A2890D962C7D81AB000B75A3 /* Astronaut.swift */ = {isa = PBXFileReference; lastKnownFileType = sourcecode.swift; path = Astronaut.swift; sourceTree = "<group>"; };
		A2890D9B2C7D91E5000B75A3 /* Mission.swift */ = {isa = PBXFileReference; lastKnownFileType = sourcecode.swift; path = Mission.swift; sourceTree = "<group>"; };
/* End PBXFileReference section */

/* Begin PBXFrameworksBuildPhase section */
		A2890D702C7C4D6C000B75A3 /* Frameworks */ = {
			isa = PBXFrameworksBuildPhase;
			buildActionMask = 2147483647;
			files = (
			);
			runOnlyForDeploymentPostprocessing = 0;
		};
/* End PBXFrameworksBuildPhase section */

/* Begin PBXGroup section */
		A23676542C7EC308008A2D0B /* MainScreen */ = {
			isa = PBXGroup;
			children = (
				A241E7D82C7EDC64009CE22F /* MainViewModel.swift */,
				A2890D782C7C4D6C000B75A3 /* MainView.swift */,
			);
			path = MainScreen;
			sourceTree = "<group>";
		};
		A23676552C7EC30E008A2D0B /* DetailedScreen */ = {
			isa = PBXGroup;
			children = (
				A241E7DA2C7EDCC6009CE22F /* DetailedViewModel.swift */,
				A23676562C7EC32A008A2D0B /* DetailedView.swift */,
			);
			path = DetailedScreen;
			sourceTree = "<group>";
		};
		A241E7D32C7ED55C009CE22F /* AstronautScreen */ = {
			isa = PBXGroup;
			children = (
				A241E7D62C7EDC2D009CE22F /* AstronautViewModel.swift */,
				A241E7D42C7ED571009CE22F /* AstronautView.swift */,
			);
			path = AstronautScreen;
			sourceTree = "<group>";
		};
		A2890D6A2C7C4D6C000B75A3 = {
			isa = PBXGroup;
			children = (
				A2890D752C7C4D6C000B75A3 /* MoonshotSwiftUI */,
				A2890D742C7C4D6C000B75A3 /* Products */,
			);
			sourceTree = "<group>";
		};
		A2890D742C7C4D6C000B75A3 /* Products */ = {
			isa = PBXGroup;
			children = (
				A2890D732C7C4D6C000B75A3 /* MoonshotSwiftUI.app */,
			);
			name = Products;
			sourceTree = "<group>";
		};
		A2890D752C7C4D6C000B75A3 /* MoonshotSwiftUI */ = {
			isa = PBXGroup;
			children = (
				A2890D762C7C4D6C000B75A3 /* MoonshotSwiftUIApp.swift */,
				A2890D852C7C4E2F000B75A3 /* UI */,
				A2890D862C7C4E33000B75A3 /* Domain */,
				A2890D872C7C4E3A000B75A3 /* Data */,
				A2890D882C7C4E42000B75A3 /* Resources */,
			);
			path = MoonshotSwiftUI;
			sourceTree = "<group>";
		};
		A2890D7D2C7C4D6E000B75A3 /* Preview Content */ = {
			isa = PBXGroup;
			children = (
				A2890D7E2C7C4D6E000B75A3 /* Preview Assets.xcassets */,
			);
			path = "Preview Content";
			sourceTree = "<group>";
		};
		A2890D852C7C4E2F000B75A3 /* UI */ = {
			isa = PBXGroup;
			children = (
				A2890D892C7C4E63000B75A3 /* Screens */,
			);
			path = UI;
			sourceTree = "<group>";
		};
		A2890D862C7C4E33000B75A3 /* Domain */ = {
			isa = PBXGroup;
			children = (
				A2890D982C7D8398000B75A3 /* Helpers */,
				A2890D952C7D8198000B75A3 /* Models */,
				A2890D8E2C7D72EF000B75A3 /* Services */,
			);
			path = Domain;
			sourceTree = "<group>";
		};
		A2890D872C7C4E3A000B75A3 /* Data */ = {
			isa = PBXGroup;
			children = (
			);
			path = Data;
			sourceTree = "<group>";
		};
		A2890D882C7C4E42000B75A3 /* Resources */ = {
			isa = PBXGroup;
			children = (
				A23676512C7EAE05008A2D0B /* Info.plist */,
				A2890D912C7D7C42000B75A3 /* astronauts.json */,
				A2890D922C7D7C42000B75A3 /* missions.json */,
				A2890D7A2C7C4D6D000B75A3 /* Assets.xcassets */,
				A2890D7C2C7C4D6D000B75A3 /* MoonshotSwiftUI.entitlements */,
				A2890D7D2C7C4D6E000B75A3 /* Preview Content */,
			);
			path = Resources;
			sourceTree = "<group>";
		};
		A2890D892C7C4E63000B75A3 /* Screens */ = {
			isa = PBXGroup;
			children = (
				A241E7D32C7ED55C009CE22F /* AstronautScreen */,
				A23676552C7EC30E008A2D0B /* DetailedScreen */,
				A23676542C7EC308008A2D0B /* MainScreen */,
			);
			path = Screens;
			sourceTree = "<group>";
		};
		A2890D8D2C7D72E6000B75A3 /* Shared */ = {
			isa = PBXGroup;
			children = (
				A2890D8F2C7D72FD000B75A3 /* JSONDecoderService.swift */,
			);
			path = Shared;
			sourceTree = "<group>";
		};
		A2890D8E2C7D72EF000B75A3 /* Services */ = {
			isa = PBXGroup;
			children = (
				A2890D8D2C7D72E6000B75A3 /* Shared */,
			);
			path = Services;
			sourceTree = "<group>";
		};
		A2890D952C7D8198000B75A3 /* Models */ = {
			isa = PBXGroup;
			children = (
				A2890D962C7D81AB000B75A3 /* Astronaut.swift */,
				A2890D9B2C7D91E5000B75A3 /* Mission.swift */,
			);
			path = Models;
			sourceTree = "<group>";
		};
		A2890D982C7D8398000B75A3 /* Helpers */ = {
			isa = PBXGroup;
			children = (
				A23676522C7EBC34008A2D0B /* Color+Theme.swift */,
			);
			path = Helpers;
			sourceTree = "<group>";
		};
/* End PBXGroup section */

/* Begin PBXNativeTarget section */
		A2890D722C7C4D6C000B75A3 /* MoonshotSwiftUI */ = {
			isa = PBXNativeTarget;
			buildConfigurationList = A2890D822C7C4D6E000B75A3 /* Build configuration list for PBXNativeTarget "MoonshotSwiftUI" */;
			buildPhases = (
				A2890D6F2C7C4D6C000B75A3 /* Sources */,
				A2890D702C7C4D6C000B75A3 /* Frameworks */,
				A2890D712C7C4D6C000B75A3 /* Resources */,
			);
			buildRules = (
			);
			dependencies = (
			);
			name = MoonshotSwiftUI;
			productName = MoonshotSwiftUI;
			productReference = A2890D732C7C4D6C000B75A3 /* MoonshotSwiftUI.app */;
			productType = "com.apple.product-type.application";
		};
/* End PBXNativeTarget section */

/* Begin PBXProject section */
		A2890D6B2C7C4D6C000B75A3 /* Project object */ = {
			isa = PBXProject;
			attributes = {
				BuildIndependentTargetsInParallel = 1;
				LastSwiftUpdateCheck = 1520;
				LastUpgradeCheck = 1520;
				TargetAttributes = {
					A2890D722C7C4D6C000B75A3 = {
						CreatedOnToolsVersion = 15.2;
					};
				};
			};
			buildConfigurationList = A2890D6E2C7C4D6C000B75A3 /* Build configuration list for PBXProject "MoonshotSwiftUI" */;
			compatibilityVersion = "Xcode 14.0";
			developmentRegion = en;
			hasScannedForEncodings = 0;
			knownRegions = (
				en,
				Base,
			);
			mainGroup = A2890D6A2C7C4D6C000B75A3;
			productRefGroup = A2890D742C7C4D6C000B75A3 /* Products */;
			projectDirPath = "";
			projectRoot = "";
			targets = (
				A2890D722C7C4D6C000B75A3 /* MoonshotSwiftUI */,
			);
		};
/* End PBXProject section */

/* Begin PBXResourcesBuildPhase section */
		A2890D712C7C4D6C000B75A3 /* Resources */ = {
			isa = PBXResourcesBuildPhase;
			buildActionMask = 2147483647;
			files = (
				A2890D932C7D7C42000B75A3 /* astronauts.json in Resources */,
				A2890D7F2C7C4D6E000B75A3 /* Preview Assets.xcassets in Resources */,
				A2890D942C7D7C42000B75A3 /* missions.json in Resources */,
				A2890D7B2C7C4D6D000B75A3 /* Assets.xcassets in Resources */,
			);
			runOnlyForDeploymentPostprocessing = 0;
		};
/* End PBXResourcesBuildPhase section */

/* Begin PBXSourcesBuildPhase section */
		A2890D6F2C7C4D6C000B75A3 /* Sources */ = {
			isa = PBXSourcesBuildPhase;
			buildActionMask = 2147483647;
			files = (
				A2890D9C2C7D91E5000B75A3 /* Mission.swift in Sources */,
				A2890D902C7D72FD000B75A3 /* JSONDecoderService.swift in Sources */,
				A241E7D52C7ED572009CE22F /* AstronautView.swift in Sources */,
				A2890D792C7C4D6C000B75A3 /* MainView.swift in Sources */,
				A23676532C7EBC34008A2D0B /* Color+Theme.swift in Sources */,
				A241E7D92C7EDC64009CE22F /* MainViewModel.swift in Sources */,
				A23676572C7EC32A008A2D0B /* DetailedView.swift in Sources */,
				A2890D772C7C4D6C000B75A3 /* MoonshotSwiftUIApp.swift in Sources */,
				A241E7DB2C7EDCC6009CE22F /* DetailedViewModel.swift in Sources */,
				A2890D972C7D81AB000B75A3 /* Astronaut.swift in Sources */,
				A241E7D72C7EDC2D009CE22F /* AstronautViewModel.swift in Sources */,
			);
			runOnlyForDeploymentPostprocessing = 0;
		};
/* End PBXSourcesBuildPhase section */

/* Begin XCBuildConfiguration section */
		A2890D802C7C4D6E000B75A3 /* Debug */ = {
			isa = XCBuildConfiguration;
			buildSettings = {
				ALWAYS_SEARCH_USER_PATHS = NO;
				ASSETCATALOG_COMPILER_GENERATE_SWIFT_ASSET_SYMBOL_EXTENSIONS = YES;
				CLANG_ANALYZER_NONNULL = YES;
				CLANG_ANALYZER_NUMBER_OBJECT_CONVERSION = YES_AGGRESSIVE;
				CLANG_CXX_LANGUAGE_STANDARD = "gnu++20";
				CLANG_ENABLE_MODULES = YES;
				CLANG_ENABLE_OBJC_ARC = YES;
				CLANG_ENABLE_OBJC_WEAK = YES;
				CLANG_WARN_BLOCK_CAPTURE_AUTORELEASING = YES;
				CLANG_WARN_BOOL_CONVERSION = YES;
				CLANG_WARN_COMMA = YES;
				CLANG_WARN_CONSTANT_CONVERSION = YES;
				CLANG_WARN_DEPRECATED_OBJC_IMPLEMENTATIONS = YES;
				CLANG_WARN_DIRECT_OBJC_ISA_USAGE = YES_ERROR;
				CLANG_WARN_DOCUMENTATION_COMMENTS = YES;
				CLANG_WARN_EMPTY_BODY = YES;
				CLANG_WARN_ENUM_CONVERSION = YES;
				CLANG_WARN_INFINITE_RECURSION = YES;
				CLANG_WARN_INT_CONVERSION = YES;
				CLANG_WARN_NON_LITERAL_NULL_CONVERSION = YES;
				CLANG_WARN_OBJC_IMPLICIT_RETAIN_SELF = YES;
				CLANG_WARN_OBJC_LITERAL_CONVERSION = YES;
				CLANG_WARN_OBJC_ROOT_CLASS = YES_ERROR;
				CLANG_WARN_QUOTED_INCLUDE_IN_FRAMEWORK_HEADER = YES;
				CLANG_WARN_RANGE_LOOP_ANALYSIS = YES;
				CLANG_WARN_STRICT_PROTOTYPES = YES;
				CLANG_WARN_SUSPICIOUS_MOVE = YES;
				CLANG_WARN_UNGUARDED_AVAILABILITY = YES_AGGRESSIVE;
				CLANG_WARN_UNREACHABLE_CODE = YES;
				CLANG_WARN__DUPLICATE_METHOD_MATCH = YES;
				COPY_PHASE_STRIP = NO;
				DEBUG_INFORMATION_FORMAT = dwarf;
				ENABLE_STRICT_OBJC_MSGSEND = YES;
				ENABLE_TESTABILITY = YES;
				ENABLE_USER_SCRIPT_SANDBOXING = YES;
				GCC_C_LANGUAGE_STANDARD = gnu17;
				GCC_DYNAMIC_NO_PIC = NO;
				GCC_NO_COMMON_BLOCKS = YES;
				GCC_OPTIMIZATION_LEVEL = 0;
				GCC_PREPROCESSOR_DEFINITIONS = (
					"DEBUG=1",
					"$(inherited)",
				);
				GCC_WARN_64_TO_32_BIT_CONVERSION = YES;
				GCC_WARN_ABOUT_RETURN_TYPE = YES_ERROR;
				GCC_WARN_UNDECLARED_SELECTOR = YES;
				GCC_WARN_UNINITIALIZED_AUTOS = YES_AGGRESSIVE;
				GCC_WARN_UNUSED_FUNCTION = YES;
				GCC_WARN_UNUSED_VARIABLE = YES;
				LOCALIZATION_PREFERS_STRING_CATALOGS = YES;
				MTL_ENABLE_DEBUG_INFO = INCLUDE_SOURCE;
				MTL_FAST_MATH = YES;
				ONLY_ACTIVE_ARCH = YES;
				SWIFT_ACTIVE_COMPILATION_CONDITIONS = "DEBUG $(inherited)";
				SWIFT_OPTIMIZATION_LEVEL = "-Onone";
			};
			name = Debug;
		};
		A2890D812C7C4D6E000B75A3 /* Release */ = {
			isa = XCBuildConfiguration;
			buildSettings = {
				ALWAYS_SEARCH_USER_PATHS = NO;
				ASSETCATALOG_COMPILER_GENERATE_SWIFT_ASSET_SYMBOL_EXTENSIONS = YES;
				CLANG_ANALYZER_NONNULL = YES;
				CLANG_ANALYZER_NUMBER_OBJECT_CONVERSION = YES_AGGRESSIVE;
				CLANG_CXX_LANGUAGE_STANDARD = "gnu++20";
				CLANG_ENABLE_MODULES = YES;
				CLANG_ENABLE_OBJC_ARC = YES;
				CLANG_ENABLE_OBJC_WEAK = YES;
				CLANG_WARN_BLOCK_CAPTURE_AUTORELEASING = YES;
				CLANG_WARN_BOOL_CONVERSION = YES;
				CLANG_WARN_COMMA = YES;
				CLANG_WARN_CONSTANT_CONVERSION = YES;
				CLANG_WARN_DEPRECATED_OBJC_IMPLEMENTATIONS = YES;
				CLANG_WARN_DIRECT_OBJC_ISA_USAGE = YES_ERROR;
				CLANG_WARN_DOCUMENTATION_COMMENTS = YES;
				CLANG_WARN_EMPTY_BODY = YES;
				CLANG_WARN_ENUM_CONVERSION = YES;
				CLANG_WARN_INFINITE_RECURSION = YES;
				CLANG_WARN_INT_CONVERSION = YES;
				CLANG_WARN_NON_LITERAL_NULL_CONVERSION = YES;
				CLANG_WARN_OBJC_IMPLICIT_RETAIN_SELF = YES;
				CLANG_WARN_OBJC_LITERAL_CONVERSION = YES;
				CLANG_WARN_OBJC_ROOT_CLASS = YES_ERROR;
				CLANG_WARN_QUOTED_INCLUDE_IN_FRAMEWORK_HEADER = YES;
				CLANG_WARN_RANGE_LOOP_ANALYSIS = YES;
				CLANG_WARN_STRICT_PROTOTYPES = YES;
				CLANG_WARN_SUSPICIOUS_MOVE = YES;
				CLANG_WARN_UNGUARDED_AVAILABILITY = YES_AGGRESSIVE;
				CLANG_WARN_UNREACHABLE_CODE = YES;
				CLANG_WARN__DUPLICATE_METHOD_MATCH = YES;
				COPY_PHASE_STRIP = NO;
				DEBUG_INFORMATION_FORMAT = "dwarf-with-dsym";
				ENABLE_NS_ASSERTIONS = NO;
				ENABLE_STRICT_OBJC_MSGSEND = YES;
				ENABLE_USER_SCRIPT_SANDBOXING = YES;
				GCC_C_LANGUAGE_STANDARD = gnu17;
				GCC_NO_COMMON_BLOCKS = YES;
				GCC_WARN_64_TO_32_BIT_CONVERSION = YES;
				GCC_WARN_ABOUT_RETURN_TYPE = YES_ERROR;
				GCC_WARN_UNDECLARED_SELECTOR = YES;
				GCC_WARN_UNINITIALIZED_AUTOS = YES_AGGRESSIVE;
				GCC_WARN_UNUSED_FUNCTION = YES;
				GCC_WARN_UNUSED_VARIABLE = YES;
				LOCALIZATION_PREFERS_STRING_CATALOGS = YES;
				MTL_ENABLE_DEBUG_INFO = NO;
				MTL_FAST_MATH = YES;
				SWIFT_COMPILATION_MODE = wholemodule;
			};
			name = Release;
		};
		A2890D832C7C4D6E000B75A3 /* Debug */ = {
			isa = XCBuildConfiguration;
			buildSettings = {
				ASSETCATALOG_COMPILER_APPICON_NAME = AppIcon;
				ASSETCATALOG_COMPILER_GLOBAL_ACCENT_COLOR_NAME = AccentColor;
				CODE_SIGN_ENTITLEMENTS = MoonshotSwiftUI/Resources/MoonshotSwiftUI.entitlements;
				CODE_SIGN_STYLE = Automatic;
				CURRENT_PROJECT_VERSION = 1;
				DEVELOPMENT_ASSET_PATHS = "\"MoonshotSwiftUI/Resources/Preview Content\"";
				ENABLE_PREVIEWS = YES;
				GENERATE_INFOPLIST_FILE = YES;
				INFOPLIST_FILE = MoonshotSwiftUI/Resources/Info.plist;
				"INFOPLIST_KEY_UIApplicationSceneManifest_Generation[sdk=iphoneos*]" = YES;
				"INFOPLIST_KEY_UIApplicationSceneManifest_Generation[sdk=iphonesimulator*]" = YES;
				"INFOPLIST_KEY_UIApplicationSupportsIndirectInputEvents[sdk=iphoneos*]" = YES;
				"INFOPLIST_KEY_UIApplicationSupportsIndirectInputEvents[sdk=iphonesimulator*]" = YES;
				"INFOPLIST_KEY_UILaunchScreen_Generation[sdk=iphoneos*]" = YES;
				"INFOPLIST_KEY_UILaunchScreen_Generation[sdk=iphonesimulator*]" = YES;
				"INFOPLIST_KEY_UIStatusBarStyle[sdk=iphoneos*]" = UIStatusBarStyleDefault;
				"INFOPLIST_KEY_UIStatusBarStyle[sdk=iphonesimulator*]" = UIStatusBarStyleDefault;
				INFOPLIST_KEY_UISupportedInterfaceOrientations_iPad = "UIInterfaceOrientationPortrait UIInterfaceOrientationPortraitUpsideDown UIInterfaceOrientationLandscapeLeft UIInterfaceOrientationLandscapeRight";
				INFOPLIST_KEY_UISupportedInterfaceOrientations_iPhone = "UIInterfaceOrientationPortrait UIInterfaceOrientationLandscapeLeft UIInterfaceOrientationLandscapeRight";
				INFOPLIST_KEY_UIUserInterfaceStyle = Dark;
				IPHONEOS_DEPLOYMENT_TARGET = 17.2;
				LD_RUNPATH_SEARCH_PATHS = "@executable_path/Frameworks";
				"LD_RUNPATH_SEARCH_PATHS[sdk=macosx*]" = "@executable_path/../Frameworks";
				MACOSX_DEPLOYMENT_TARGET = 14.2;
				MARKETING_VERSION = 1.0;
				PRODUCT_BUNDLE_IDENTIFIER = Hieronius.MoonshotSwiftUI;
				PRODUCT_NAME = "$(TARGET_NAME)";
				SDKROOT = auto;
				SUPPORTED_PLATFORMS = "iphoneos iphonesimulator macosx";
				SWIFT_EMIT_LOC_STRINGS = YES;
				SWIFT_VERSION = 5.0;
				TARGETED_DEVICE_FAMILY = "1,2";
			};
			name = Debug;
		};
		A2890D842C7C4D6E000B75A3 /* Release */ = {
			isa = XCBuildConfiguration;
			buildSettings = {
				ASSETCATALOG_COMPILER_APPICON_NAME = AppIcon;
				ASSETCATALOG_COMPILER_GLOBAL_ACCENT_COLOR_NAME = AccentColor;
				CODE_SIGN_ENTITLEMENTS = MoonshotSwiftUI/Resources/MoonshotSwiftUI.entitlements;
				CODE_SIGN_STYLE = Automatic;
				CURRENT_PROJECT_VERSION = 1;
				DEVELOPMENT_ASSET_PATHS = "\"MoonshotSwiftUI/Resources/Preview Content\"";
				ENABLE_PREVIEWS = YES;
				GENERATE_INFOPLIST_FILE = YES;
				INFOPLIST_FILE = MoonshotSwiftUI/Resources/Info.plist;
				"INFOPLIST_KEY_UIApplicationSceneManifest_Generation[sdk=iphoneos*]" = YES;
				"INFOPLIST_KEY_UIApplicationSceneManifest_Generation[sdk=iphonesimulator*]" = YES;
				"INFOPLIST_KEY_UIApplicationSupportsIndirectInputEvents[sdk=iphoneos*]" = YES;
				"INFOPLIST_KEY_UIApplicationSupportsIndirectInputEvents[sdk=iphonesimulator*]" = YES;
				"INFOPLIST_KEY_UILaunchScreen_Generation[sdk=iphoneos*]" = YES;
				"INFOPLIST_KEY_UILaunchScreen_Generation[sdk=iphonesimulator*]" = YES;
				"INFOPLIST_KEY_UIStatusBarStyle[sdk=iphoneos*]" = UIStatusBarStyleDefault;
				"INFOPLIST_KEY_UIStatusBarStyle[sdk=iphonesimulator*]" = UIStatusBarStyleDefault;
				INFOPLIST_KEY_UISupportedInterfaceOrientations_iPad = "UIInterfaceOrientationPortrait UIInterfaceOrientationPortraitUpsideDown UIInterfaceOrientationLandscapeLeft UIInterfaceOrientationLandscapeRight";
				INFOPLIST_KEY_UISupportedInterfaceOrientations_iPhone = "UIInterfaceOrientationPortrait UIInterfaceOrientationLandscapeLeft UIInterfaceOrientationLandscapeRight";
				INFOPLIST_KEY_UIUserInterfaceStyle = Dark;
				IPHONEOS_DEPLOYMENT_TARGET = 17.2;
				LD_RUNPATH_SEARCH_PATHS = "@executable_path/Frameworks";
				"LD_RUNPATH_SEARCH_PATHS[sdk=macosx*]" = "@executable_path/../Frameworks";
				MACOSX_DEPLOYMENT_TARGET = 14.2;
				MARKETING_VERSION = 1.0;
				PRODUCT_BUNDLE_IDENTIFIER = Hieronius.MoonshotSwiftUI;
				PRODUCT_NAME = "$(TARGET_NAME)";
				SDKROOT = auto;
				SUPPORTED_PLATFORMS = "iphoneos iphonesimulator macosx";
				SWIFT_EMIT_LOC_STRINGS = YES;
				SWIFT_VERSION = 5.0;
				TARGETED_DEVICE_FAMILY = "1,2";
			};
			name = Release;
		};
/* End XCBuildConfiguration section */

/* Begin XCConfigurationList section */
		A2890D6E2C7C4D6C000B75A3 /* Build configuration list for PBXProject "MoonshotSwiftUI" */ = {
			isa = XCConfigurationList;
			buildConfigurations = (
				A2890D802C7C4D6E000B75A3 /* Debug */,
				A2890D812C7C4D6E000B75A3 /* Release */,
			);
			defaultConfigurationIsVisible = 0;
			defaultConfigurationName = Release;
		};
		A2890D822C7C4D6E000B75A3 /* Build configuration list for PBXNativeTarget "MoonshotSwiftUI" */ = {
			isa = XCConfigurationList;
			buildConfigurations = (
				A2890D832C7C4D6E000B75A3 /* Debug */,
				A2890D842C7C4D6E000B75A3 /* Release */,
			);
			defaultConfigurationIsVisible = 0;
			defaultConfigurationName = Release;
		};
/* End XCConfigurationList section */
	};
	rootObject = A2890D6B2C7C4D6C000B75A3 /* Project object */;
}
